
Microsoft Visual Studio Solution File, Format Version 12.00
# Visual Studio Version 16
VisualStudioVersion = 16.0.31130.22
MinimumVisualStudioVersion = 10.0.40219.1
Project("{FAE04EC0-301F-11D3-BF4B-00C04F79EFBC}") = "ClrCodingGolf", "ClrCodingGolf\ClrCodingGolf.csproj", "{73BD2CB7-E2FC-4435-8C25-6D3719ACDDD9}"
EndProject
Global
	GlobalSection(SolutionConfigurationPlatforms) = preSolution
		Debug|Any CPU = Debug|Any CPU
		Release|Any CPU = Release|Any CPU
	EndGlobalSection
	GlobalSection(ProjectConfigurationPlatforms) = postSolution
		{73BD2CB7-E2FC-4435-8C25-6D3719ACDDD9}.Debug|Any CPU.ActiveCfg = Debug|Any CPU
		{73BD2CB7-E2FC-4435-8C25-6D3719ACDDD9}.Debug|Any CPU.Build.0 = Debug|Any CPU
		{73BD2CB7-E2FC-4435-8C25-6D3719ACDDD9}.Release|Any CPU.ActiveCfg = Release|Any CPU
		{73BD2CB7-E2FC-4435-8C25-6D3719ACDDD9}.Release|Any CPU.Build.0 = Release|Any CPU
	EndGlobalSection
	GlobalSection(SolutionProperties) = preSolution
		HideSolutionNode = FALSE
	EndGlobalSection
	GlobalSection(ExtensibilityGlobals) = postSolution
		SolutionGuid = {E78C7F74-8FFA-4C7E-8A40-01416461310E}
	EndGlobalSection
EndGlobal
